{
  "name": "coredns-dist",
  "version": "v1.11.1-1",
  "lockfileVersion": 3,
  "requires": true,
  "packages": {
    "": {
      "name": "coredns-dist",
      "version": "v1.11.1-1",
      "license": "MIT",
      "optionalDependencies": {
        "coredns-dist-darwin-arm64": "v1.11.1-1",
        "coredns-dist-darwin-x64": "v1.11.1-1",
        "coredns-dist-linux-arm64": "v1.11.1-1",
        "coredns-dist-linux-x64": "v1.11.1-1",
        "coredns-dist-win32-x64": "v1.11.1-1"
      }
    },
    "node_modules/coredns-dist-darwin-x64": {
      "version": "1.11.1-1",
      "resolved": "https://registry.npmjs.org/coredns-dist-darwin-x64/-/coredns-dist-darwin-x64-1.11.1-1.tgz",
      "integrity": "sha512-yoblfEIr6RJvLxs974eWV0k6YF+5b7y4WNrnLChJuU6/nw6bsmHuePw7MgUVLoA3pNBHFMS7dFGqTJSo411ZcA==",
      "cpu": [
        "x64"
      ],
      "optional": true,
      "os": [
        "darwin"
      ],
      "bin": {
        "coredns-dist-darwin-x64": "coredns"
      }
    },
    "node_modules/coredns-dist-linux-arm64": {
      "version": "1.11.1-1",
      "resolved": "https://registry.npmjs.org/coredns-dist-linux-arm64/-/coredns-dist-linux-arm64-1.11.1-1.tgz",
      "integrity": "sha512-KaeSYRT9SqoQm51K3HNOKgv4IcCGnxEtfQSj7mL3W3HRlXCYL4MVgqsfCuBAAuIO7EUvNw8pvjgKyYLqFZ3uJQ==",
      "cpu": [
        "arm64"
      ],
      "optional": true,
      "os": [
        "linux"
      ],
      "bin": {
        "coredns-dist-linux-arm64": "coredns"
      }
    },
    "node_modules/coredns-dist-linux-x64": {
      "version": "1.11.1-1",
      "resolved": "https://registry.npmjs.org/coredns-dist-linux-x64/-/coredns-dist-linux-x64-1.11.1-1.tgz",
      "integrity": "sha512-dyyqQClDvOP/ptoY+UPefdhz7jHatk/fDWGGJZeG/3j1ciwmgxnWwGqU00I7NqDv+zujhNoEUf5Si8wnYhdt4A==",
      "cpu": [
        "x64"
      ],
      "optional": true,
      "os": [
        "linux"
      ],
      "bin": {
        "coredns-dist-linux-x64": "coredns"
      }
    }
  }
}
