{
  "name": "coredns-dist",
  "version": "v1.11.1-3",
  "lockfileVersion": 3,
  "requires": true,
  "packages": {
    "": {
      "name": "coredns-dist",
      "version": "v1.11.1-3",
      "license": "MIT",
      "optionalDependencies": {
        "coredns-dist-darwin-arm64": "v1.11.1-3",
        "coredns-dist-darwin-x64": "v1.11.1-3",
        "coredns-dist-linux-arm64": "v1.11.1-3",
        "coredns-dist-linux-x64": "v1.11.1-3",
        "coredns-dist-win32-x64": "v1.11.1-3"
      }
    },
    "node_modules/coredns-dist-linux-x64": {
      "version": "1.11.1-3",
      "resolved": "https://registry.npmjs.org/coredns-dist-linux-x64/-/coredns-dist-linux-x64-1.11.1-3.tgz",
      "integrity": "sha512-z2LAWQ6aQXz6xDtMnu+lQYjzE+cG4iKIg33MQIkWk2gZj3JwdFzWdPBQsm+UYUm0mgwLm1xx8Co+aT3xxQ0LBA==",
      "cpu": [
        "x64"
      ],
      "optional": true,
      "os": [
        "linux"
      ],
      "bin": {
        "coredns-dist-linux-x64": "coredns"
      }
    }
  }
}
