{
  "name": "coredns-dist",
  "version": "v1.11.1-2",
  "lockfileVersion": 3,
  "requires": true,
  "packages": {
    "": {
      "name": "coredns-dist",
      "version": "v1.11.1-2",
      "license": "MIT",
      "optionalDependencies": {
        "coredns-dist-darwin-arm64": "v1.11.1-2",
        "coredns-dist-darwin-x64": "v1.11.1-2",
        "coredns-dist-linux-arm64": "v1.11.1-2",
        "coredns-dist-linux-x64": "v1.11.1-2",
        "coredns-dist-win32-x64": "v1.11.1-2"
      }
    }
  }
}
